
Microsoft Visual Studio Solution File, Format Version 12.00
# Visual Studio Version 17
VisualStudioVersion = 17.5.33502.453
MinimumVisualStudioVersion = 10.0.40219.1
Project("{8BC9CEB8-8B4A-11D0-8D11-00A0C91BC942}") = "Absulate", "Absulate\Absulate.vcxproj", "{B103B987-6F53-485E-B1F4-1091AABD8C41}"
EndProject
Global
	GlobalSection(SolutionConfigurationPlatforms) = preSolution
		Debug|x64 = Debug|x64
		Debug|x86 = Debug|x86
		Release|x64 = Release|x64
		Release|x86 = Release|x86
	EndGlobalSection
	GlobalSection(ProjectConfigurationPlatforms) = postSolution
		{B103B987-6F53-485E-B1F4-1091AABD8C41}.Debug|x64.ActiveCfg = Debug|x64
		{B103B987-6F53-485E-B1F4-1091AABD8C41}.Debug|x64.Build.0 = Debug|x64
		{B103B987-6F53-485E-B1F4-1091AABD8C41}.Debug|x86.ActiveCfg = Debug|Win32
		{B103B987-6F53-485E-B1F4-1091AABD8C41}.Debug|x86.Build.0 = Debug|Win32
		{B103B987-6F53-485E-B1F4-1091AABD8C41}.Release|x64.ActiveCfg = Release|x64
		{B103B987-6F53-485E-B1F4-1091AABD8C41}.Release|x64.Build.0 = Release|x64
		{B103B987-6F53-485E-B1F4-1091AABD8C41}.Release|x86.ActiveCfg = Release|Win32
		{B103B987-6F53-485E-B1F4-1091AABD8C41}.Release|x86.Build.0 = Release|Win32
	EndGlobalSection
	GlobalSection(SolutionProperties) = preSolution
		HideSolutionNode = FALSE
	EndGlobalSection
	GlobalSection(ExtensibilityGlobals) = postSolution
		SolutionGuid = {A9CFB4D6-8202-4746-9971-42B6AC6C79A3}
	EndGlobalSection
EndGlobal
